lockfileVersion: 5.3

specifiers:
  '@openzeppelin/contracts': ^4.4.0

dependencies:
  '@openzeppelin/contracts': 4.4.0

packages:

  /@openzeppelin/contracts/4.4.0:
    resolution: {integrity: sha512-dlKiZmDvJnGRLHojrDoFZJmsQVeltVeoiRN7RK+cf2FmkhASDEblE0RiaYdxPNsUZa6mRG8393b9bfyp+V5IAw==}
    dev: false
